// !$*UTF8*$!
{
	archiveVersion = 1;
	classes = {
	};
	objectVersion = 50;
	objects = {

/* Begin PBXBuildFile section */
		7AE328B3237AF0EE002496DC /* AppDelegate.swift in Sources */ = {isa = PBXBuildFile; fileRef = 7AE328B2237AF0EE002496DC /* AppDelegate.swift */; };
		7AE328B5237AF0EE002496DC /* SceneDelegate.swift in Sources */ = {isa = PBXBuildFile; fileRef = 7AE328B4237AF0EE002496DC /* SceneDelegate.swift */; };
		7AE328B7237AF0EE002496DC /* ViewController.swift in Sources */ = {isa = PBXBuildFile; fileRef = 7AE328B6237AF0EE002496DC /* ViewController.swift */; };
		7AE328BA237AF0EE002496DC /* Main.storyboard in Resources */ = {isa = PBXBuildFile; fileRef = 7AE328B8237AF0EE002496DC /* Main.storyboard */; };
		7AE328BC237AF0F1002496DC /* Assets.xcassets in Resources */ = {isa = PBXBuildFile; fileRef = 7AE328BB237AF0F1002496DC /* Assets.xcassets */; };
		7AE328BF237AF0F1002496DC /* LaunchScreen.storyboard in Resources */ = {isa = PBXBuildFile; fileRef = 7AE328BD237AF0F1002496DC /* LaunchScreen.storyboard */; };
		7AE328C7237D7D5F002496DC /* ScaleViewController.swift in Sources */ = {isa = PBXBuildFile; fileRef = 7AE328C6237D7D5F002496DC /* ScaleViewController.swift */; };
		7AE328EF239CE249002496DC /* prev.png in Resources */ = {isa = PBXBuildFile; fileRef = 7AE328E8239CE248002496DC /* prev.png */; };
		7AE328F0239CE249002496DC /* start.png in Resources */ = {isa = PBXBuildFile; fileRef = 7AE328E9239CE248002496DC /* start.png */; };
		7AE328F1239CE249002496DC /* sun.png in Resources */ = {isa = PBXBuildFile; fileRef = 7AE328EA239CE248002496DC /* sun.png */; };
		7AE328F2239CE249002496DC /* rain.png in Resources */ = {isa = PBXBuildFile; fileRef = 7AE328EB239CE249002496DC /* rain.png */; };
		7AE328F3239CE249002496DC /* stop.png in Resources */ = {isa = PBXBuildFile; fileRef = 7AE328EC239CE249002496DC /* stop.png */; };
		7AE328F4239CE249002496DC /* next.png in Resources */ = {isa = PBXBuildFile; fileRef = 7AE328ED239CE249002496DC /* next.png */; };
		7AE328F5239CE249002496DC /* cloud.png in Resources */ = {isa = PBXBuildFile; fileRef = 7AE328EE239CE249002496DC /* cloud.png */; };
/* End PBXBuildFile section */

/* Begin PBXFileReference section */
		7AE328AF237AF0EE002496DC /* SlideshowApp.app */ = {isa = PBXFileReference; explicitFileType = wrapper.application; includeInIndex = 0; path = SlideshowApp.app; sourceTree = BUILT_PRODUCTS_DIR; };
		7AE328B2237AF0EE002496DC /* AppDelegate.swift */ = {isa = PBXFileReference; lastKnownFileType = sourcecode.swift; path = AppDelegate.swift; sourceTree = "<group>"; };
		7AE328B4237AF0EE002496DC /* SceneDelegate.swift */ = {isa = PBXFileReference; lastKnownFileType = sourcecode.swift; path = SceneDelegate.swift; sourceTree = "<group>"; };
		7AE328B6237AF0EE002496DC /* ViewController.swift */ = {isa = PBXFileReference; lastKnownFileType = sourcecode.swift; path = ViewController.swift; sourceTree = "<group>"; };
		7AE328B9237AF0EE002496DC /* Base */ = {isa = PBXFileReference; lastKnownFileType = file.storyboard; name = Base; path = Base.lproj/Main.storyboard; sourceTree = "<group>"; };
		7AE328BB237AF0F1002496DC /* Assets.xcassets */ = {isa = PBXFileReference; lastKnownFileType = folder.assetcatalog; path = Assets.xcassets; sourceTree = "<group>"; };
		7AE328BE237AF0F1002496DC /* Base */ = {isa = PBXFileReference; lastKnownFileType = file.storyboard; name = Base; path = Base.lproj/LaunchScreen.storyboard; sourceTree = "<group>"; };
		7AE328C0237AF0F1002496DC /* Info.plist */ = {isa = PBXFileReference; lastKnownFileType = text.plist.xml; path = Info.plist; sourceTree = "<group>"; };
		7AE328C6237D7D5F002496DC /* ScaleViewController.swift */ = {isa = PBXFileReference; lastKnownFileType = sourcecode.swift; path = ScaleViewController.swift; sourceTree = "<group>"; };
		7AE328E8239CE248002496DC /* prev.png */ = {isa = PBXFileReference; lastKnownFileType = image.png; path = prev.png; sourceTree = "<group>"; };
		7AE328E9239CE248002496DC /* start.png */ = {isa = PBXFileReference; lastKnownFileType = image.png; path = start.png; sourceTree = "<group>"; };
		7AE328EA239CE248002496DC /* sun.png */ = {isa = PBXFileReference; lastKnownFileType = image.png; path = sun.png; sourceTree = "<group>"; };
		7AE328EB239CE249002496DC /* rain.png */ = {isa = PBXFileReference; lastKnownFileType = image.png; path = rain.png; sourceTree = "<group>"; };
		7AE328EC239CE249002496DC /* stop.png */ = {isa = PBXFileReference; lastKnownFileType = image.png; path = stop.png; sourceTree = "<group>"; };
		7AE328ED239CE249002496DC /* next.png */ = {isa = PBXFileReference; lastKnownFileType = image.png; path = next.png; sourceTree = "<group>"; };
		7AE328EE239CE249002496DC /* cloud.png */ = {isa = PBXFileReference; lastKnownFileType = image.png; path = cloud.png; sourceTree = "<group>"; };
/* End PBXFileReference section */

/* Begin PBXFrameworksBuildPhase section */
		7AE328AC237AF0EE002496DC /* Frameworks */ = {
			isa = PBXFrameworksBuildPhase;
			buildActionMask = 2147483647;
			files = (
			);
			runOnlyForDeploymentPostprocessing = 0;
		};
/* End PBXFrameworksBuildPhase section */

/* Begin PBXGroup section */
		7AE328A6237AF0EE002496DC = {
			isa = PBXGroup;
			children = (
				7AE328B1237AF0EE002496DC /* SlideshowApp */,
				7AE328B0237AF0EE002496DC /* Products */,
			);
			sourceTree = "<group>";
		};
		7AE328B0237AF0EE002496DC /* Products */ = {
			isa = PBXGroup;
			children = (
				7AE328AF237AF0EE002496DC /* SlideshowApp.app */,
			);
			name = Products;
			sourceTree = "<group>";
		};
		7AE328B1237AF0EE002496DC /* SlideshowApp */ = {
			isa = PBXGroup;
			children = (
				7AE328B2237AF0EE002496DC /* AppDelegate.swift */,
				7AE328B4237AF0EE002496DC /* SceneDelegate.swift */,
				7AE328B6237AF0EE002496DC /* ViewController.swift */,
				7AE328C6237D7D5F002496DC /* ScaleViewController.swift */,
				7AE328B8237AF0EE002496DC /* Main.storyboard */,
				7AE328BB237AF0F1002496DC /* Assets.xcassets */,
				7AE328BD237AF0F1002496DC /* LaunchScreen.storyboard */,
				7AE328C0237AF0F1002496DC /* Info.plist */,
				7AE328EE239CE249002496DC /* cloud.png */,
				7AE328ED239CE249002496DC /* next.png */,
				7AE328E8239CE248002496DC /* prev.png */,
				7AE328EB239CE249002496DC /* rain.png */,
				7AE328E9239CE248002496DC /* start.png */,
				7AE328EC239CE249002496DC /* stop.png */,
				7AE328EA239CE248002496DC /* sun.png */,
			);
			path = SlideshowApp;
			sourceTree = "<group>";
		};
/* End PBXGroup section */

/* Begin PBXNativeTarget section */
		7AE328AE237AF0EE002496DC /* SlideshowApp */ = {
			isa = PBXNativeTarget;
			buildConfigurationList = 7AE328C3237AF0F1002496DC /* Build configuration list for PBXNativeTarget "SlideshowApp" */;
			buildPhases = (
				7AE328AB237AF0EE002496DC /* Sources */,
				7AE328AC237AF0EE002496DC /* Frameworks */,
				7AE328AD237AF0EE002496DC /* Resources */,
			);
			buildRules = (
			);
			dependencies = (
			);
			name = SlideshowApp;
			productName = SlideshowApp;
			productReference = 7AE328AF237AF0EE002496DC /* SlideshowApp.app */;
			productType = "com.apple.product-type.application";
		};
/* End PBXNativeTarget section */

/* Begin PBXProject section */
		7AE328A7237AF0EE002496DC /* Project object */ = {
			isa = PBXProject;
			attributes = {
				LastSwiftUpdateCheck = 1120;
				LastUpgradeCheck = 1120;
				ORGANIZATIONNAME = iru;
				TargetAttributes = {
					7AE328AE237AF0EE002496DC = {
						CreatedOnToolsVersion = 11.2;
					};
				};
			};
			buildConfigurationList = 7AE328AA237AF0EE002496DC /* Build configuration list for PBXProject "SlideshowApp" */;
			compatibilityVersion = "Xcode 9.3";
			developmentRegion = en;
			hasScannedForEncodings = 0;
			knownRegions = (
				en,
				Base,
			);
			mainGroup = 7AE328A6237AF0EE002496DC;
			productRefGroup = 7AE328B0237AF0EE002496DC /* Products */;
			projectDirPath = "";
			projectRoot = "";
			targets = (
				7AE328AE237AF0EE002496DC /* SlideshowApp */,
			);
		};
/* End PBXProject section */

/* Begin PBXResourcesBuildPhase section */
		7AE328AD237AF0EE002496DC /* Resources */ = {
			isa = PBXResourcesBuildPhase;
			buildActionMask = 2147483647;
			files = (
				7AE328F1239CE249002496DC /* sun.png in Resources */,
				7AE328F3239CE249002496DC /* stop.png in Resources */,
				7AE328F4239CE249002496DC /* next.png in Resources */,
				7AE328EF239CE249002496DC /* prev.png in Resources */,
				7AE328F2239CE249002496DC /* rain.png in Resources */,
				7AE328F5239CE249002496DC /* cloud.png in Resources */,
				7AE328BF237AF0F1002496DC /* LaunchScreen.storyboard in Resources */,
				7AE328F0239CE249002496DC /* start.png in Resources */,
				7AE328BC237AF0F1002496DC /* Assets.xcassets in Resources */,
				7AE328BA237AF0EE002496DC /* Main.storyboard in Resources */,
			);
			runOnlyForDeploymentPostprocessing = 0;
		};
/* End PBXResourcesBuildPhase section */

/* Begin PBXSourcesBuildPhase section */
		7AE328AB237AF0EE002496DC /* Sources */ = {
			isa = PBXSourcesBuildPhase;
			buildActionMask = 2147483647;
			files = (
				7AE328B7237AF0EE002496DC /* ViewController.swift in Sources */,
				7AE328B3237AF0EE002496DC /* AppDelegate.swift in Sources */,
				7AE328B5237AF0EE002496DC /* SceneDelegate.swift in Sources */,
				7AE328C7237D7D5F002496DC /* ScaleViewController.swift in Sources */,
			);
			runOnlyForDeploymentPostprocessing = 0;
		};
/* End PBXSourcesBuildPhase section */

/* Begin PBXVariantGroup section */
		7AE328B8237AF0EE002496DC /* Main.storyboard */ = {
			isa = PBXVariantGroup;
			children = (
				7AE328B9237AF0EE002496DC /* Base */,
			);
			name = Main.storyboard;
			sourceTree = "<group>";
		};
		7AE328BD237AF0F1002496DC /* LaunchScreen.storyboard */ = {
			isa = PBXVariantGroup;
			children = (
				7AE328BE237AF0F1002496DC /* Base */,
			);
			name = LaunchScreen.storyboard;
			sourceTree = "<group>";
		};
/* End PBXVariantGroup section */

/* Begin XCBuildConfiguration section */
		7AE328C1237AF0F1002496DC /* Debug */ = {
			isa = XCBuildConfiguration;
			buildSettings = {
				ALWAYS_SEARCH_USER_PATHS = NO;
				CLANG_ANALYZER_NONNULL = YES;
				CLANG_ANALYZER_NUMBER_OBJECT_CONVERSION = YES_AGGRESSIVE;
				CLANG_CXX_LANGUAGE_STANDARD = "gnu++14";
				CLANG_CXX_LIBRARY = "libc++";
				CLANG_ENABLE_MODULES = YES;
				CLANG_ENABLE_OBJC_ARC = YES;
				CLANG_ENABLE_OBJC_WEAK = YES;
				CLANG_WARN_BLOCK_CAPTURE_AUTORELEASING = YES;
				CLANG_WARN_BOOL_CONVERSION = YES;
				CLANG_WARN_COMMA = YES;
				CLANG_WARN_CONSTANT_CONVERSION = YES;
				CLANG_WARN_DEPRECATED_OBJC_IMPLEMENTATIONS = YES;
				CLANG_WARN_DIRECT_OBJC_ISA_USAGE = YES_ERROR;
				CLANG_WARN_DOCUMENTATION_COMMENTS = YES;
				CLANG_WARN_EMPTY_BODY = YES;
				CLANG_WARN_ENUM_CONVERSION = YES;
				CLANG_WARN_INFINITE_RECURSION = YES;
				CLANG_WARN_INT_CONVERSION = YES;
				CLANG_WARN_NON_LITERAL_NULL_CONVERSION = YES;
				CLANG_WARN_OBJC_IMPLICIT_RETAIN_SELF = YES;
				CLANG_WARN_OBJC_LITERAL_CONVERSION = YES;
				CLANG_WARN_OBJC_ROOT_CLASS = YES_ERROR;
				CLANG_WARN_RANGE_LOOP_ANALYSIS = YES;
				CLANG_WARN_STRICT_PROTOTYPES = YES;
				CLANG_WARN_SUSPICIOUS_MOVE = YES;
				CLANG_WARN_UNGUARDED_AVAILABILITY = YES_AGGRESSIVE;
				CLANG_WARN_UNREACHABLE_CODE = YES;
				CLANG_WARN__DUPLICATE_METHOD_MATCH = YES;
				COPY_PHASE_STRIP = NO;
				DEBUG_INFORMATION_FORMAT = dwarf;
				ENABLE_STRICT_OBJC_MSGSEND = YES;
				ENABLE_TESTABILITY = YES;
				GCC_C_LANGUAGE_STANDARD = gnu11;
				GCC_DYNAMIC_NO_PIC = NO;
				GCC_NO_COMMON_BLOCKS = YES;
				GCC_OPTIMIZATION_LEVEL = 0;
				GCC_PREPROCESSOR_DEFINITIONS = (
					"DEBUG=1",
					"$(inherited)",
				);
				GCC_WARN_64_TO_32_BIT_CONVERSION = YES;
				GCC_WARN_ABOUT_RETURN_TYPE = YES_ERROR;
				GCC_WARN_UNDECLARED_SELECTOR = YES;
				GCC_WARN_UNINITIALIZED_AUTOS = YES_AGGRESSIVE;
				GCC_WARN_UNUSED_FUNCTION = YES;
				GCC_WARN_UNUSED_VARIABLE = YES;
				IPHONEOS_DEPLOYMENT_TARGET = 13.2;
				MTL_ENABLE_DEBUG_INFO = INCLUDE_SOURCE;
				MTL_FAST_MATH = YES;
				ONLY_ACTIVE_ARCH = YES;
				SDKROOT = iphoneos;
				SWIFT_ACTIVE_COMPILATION_CONDITIONS = DEBUG;
				SWIFT_OPTIMIZATION_LEVEL = "-Onone";
			};
			name = Debug;
		};
		7AE328C2237AF0F1002496DC /* Release */ = {
			isa = XCBuildConfiguration;
			buildSettings = {
				ALWAYS_SEARCH_USER_PATHS = NO;
				CLANG_ANALYZER_NONNULL = YES;
				CLANG_ANALYZER_NUMBER_OBJECT_CONVERSION = YES_AGGRESSIVE;
				CLANG_CXX_LANGUAGE_STANDARD = "gnu++14";
				CLANG_CXX_LIBRARY = "libc++";
				CLANG_ENABLE_MODULES = YES;
				CLANG_ENABLE_OBJC_ARC = YES;
				CLANG_ENABLE_OBJC_WEAK = YES;
				CLANG_WARN_BLOCK_CAPTURE_AUTORELEASING = YES;
				CLANG_WARN_BOOL_CONVERSION = YES;
				CLANG_WARN_COMMA = YES;
				CLANG_WARN_CONSTANT_CONVERSION = YES;
				CLANG_WARN_DEPRECATED_OBJC_IMPLEMENTATIONS = YES;
				CLANG_WARN_DIRECT_OBJC_ISA_USAGE = YES_ERROR;
				CLANG_WARN_DOCUMENTATION_COMMENTS = YES;
				CLANG_WARN_EMPTY_BODY = YES;
				CLANG_WARN_ENUM_CONVERSION = YES;
				CLANG_WARN_INFINITE_RECURSION = YES;
				CLANG_WARN_INT_CONVERSION = YES;
				CLANG_WARN_NON_LITERAL_NULL_CONVERSION = YES;
				CLANG_WARN_OBJC_IMPLICIT_RETAIN_SELF = YES;
				CLANG_WARN_OBJC_LITERAL_CONVERSION = YES;
				CLANG_WARN_OBJC_ROOT_CLASS = YES_ERROR;
				CLANG_WARN_RANGE_LOOP_ANALYSIS = YES;
				CLANG_WARN_STRICT_PROTOTYPES = YES;
				CLANG_WARN_SUSPICIOUS_MOVE = YES;
				CLANG_WARN_UNGUARDED_AVAILABILITY = YES_AGGRESSIVE;
				CLANG_WARN_UNREACHABLE_CODE = YES;
				CLANG_WARN__DUPLICATE_METHOD_MATCH = YES;
				COPY_PHASE_STRIP = NO;
				DEBUG_INFORMATION_FORMAT = "dwarf-with-dsym";
				ENABLE_NS_ASSERTIONS = NO;
				ENABLE_STRICT_OBJC_MSGSEND = YES;
				GCC_C_LANGUAGE_STANDARD = gnu11;
				GCC_NO_COMMON_BLOCKS = YES;
				GCC_WARN_64_TO_32_BIT_CONVERSION = YES;
				GCC_WARN_ABOUT_RETURN_TYPE = YES_ERROR;
				GCC_WARN_UNDECLARED_SELECTOR = YES;
				GCC_WARN_UNINITIALIZED_AUTOS = YES_AGGRESSIVE;
				GCC_WARN_UNUSED_FUNCTION = YES;
				GCC_WARN_UNUSED_VARIABLE = YES;
				IPHONEOS_DEPLOYMENT_TARGET = 13.2;
				MTL_ENABLE_DEBUG_INFO = NO;
				MTL_FAST_MATH = YES;
				SDKROOT = iphoneos;
				SWIFT_COMPILATION_MODE = wholemodule;
				SWIFT_OPTIMIZATION_LEVEL = "-O";
				VALIDATE_PRODUCT = YES;
			};
			name = Release;
		};
		7AE328C4237AF0F1002496DC /* Debug */ = {
			isa = XCBuildConfiguration;
			buildSettings = {
				ASSETCATALOG_COMPILER_APPICON_NAME = AppIcon;
				CODE_SIGN_STYLE = Automatic;
				DEVELOPMENT_TEAM = Q32R7MV79K;
				INFOPLIST_FILE = SlideshowApp/Info.plist;
				LD_RUNPATH_SEARCH_PATHS = (
					"$(inherited)",
					"@executable_path/Frameworks",
				);
				PRODUCT_BUNDLE_IDENTIFIER = tokyo.iru.SlideshowApp;
				PRODUCT_NAME = "$(TARGET_NAME)";
				SWIFT_VERSION = 5.0;
				TARGETED_DEVICE_FAMILY = "1,2";
			};
			name = Debug;
		};
		7AE328C5237AF0F1002496DC /* Release */ = {
			isa = XCBuildConfiguration;
			buildSettings = {
				ASSETCATALOG_COMPILER_APPICON_NAME = AppIcon;
				CODE_SIGN_STYLE = Automatic;
				DEVELOPMENT_TEAM = Q32R7MV79K;
				INFOPLIST_FILE = SlideshowApp/Info.plist;
				LD_RUNPATH_SEARCH_PATHS = (
					"$(inherited)",
					"@executable_path/Frameworks",
				);
				PRODUCT_BUNDLE_IDENTIFIER = tokyo.iru.SlideshowApp;
				PRODUCT_NAME = "$(TARGET_NAME)";
				SWIFT_VERSION = 5.0;
				TARGETED_DEVICE_FAMILY = "1,2";
			};
			name = Release;
		};
/* End XCBuildConfiguration section */

/* Begin XCConfigurationList section */
		7AE328AA237AF0EE002496DC /* Build configuration list for PBXProject "SlideshowApp" */ = {
			isa = XCConfigurationList;
			buildConfigurations = (
				7AE328C1237AF0F1002496DC /* Debug */,
				7AE328C2237AF0F1002496DC /* Release */,
			);
			defaultConfigurationIsVisible = 0;
			defaultConfigurationName = Release;
		};
		7AE328C3237AF0F1002496DC /* Build configuration list for PBXNativeTarget "SlideshowApp" */ = {
			isa = XCConfigurationList;
			buildConfigurations = (
				7AE328C4237AF0F1002496DC /* Debug */,
				7AE328C5237AF0F1002496DC /* Release */,
			);
			defaultConfigurationIsVisible = 0;
			defaultConfigurationName = Release;
		};
/* End XCConfigurationList section */
	};
	rootObject = 7AE328A7237AF0EE002496DC /* Project object */;
}
